// !$*UTF8*$!
{
	archiveVersion = 1;
	classes = {
	};
	objectVersion = 46;
	objects = {

/* Begin PBXBuildFile section */
		FA4BB8401CE192EF0068D867 /* main.m in Sources */ = {isa = PBXBuildFile; fileRef = FA4BB83F1CE192EF0068D867 /* main.m */; };
		FA4BB8431CE192EF0068D867 /* AppDelegate.m in Sources */ = {isa = PBXBuildFile; fileRef = FA4BB8421CE192EF0068D867 /* AppDelegate.m */; };
		FA4BB8461CE192EF0068D867 /* ViewController.m in Sources */ = {isa = PBXBuildFile; fileRef = FA4BB8451CE192EF0068D867 /* ViewController.m */; };
		FA4BB8491CE192EF0068D867 /* Main.storyboard in Resources */ = {isa = PBXBuildFile; fileRef = FA4BB8471CE192EF0068D867 /* Main.storyboard */; };
		FA4BB84B1CE192EF0068D867 /* Assets.xcassets in Resources */ = {isa = PBXBuildFile; fileRef = FA4BB84A1CE192EF0068D867 /* Assets.xcassets */; };
		FA4BB84E1CE192EF0068D867 /* LaunchScreen.storyboard in Resources */ = {isa = PBXBuildFile; fileRef = FA4BB84C1CE192EF0068D867 /* LaunchScreen.storyboard */; };
		FA4BB8591CE192EF0068D867 /* CompassCalibrationTests.m in Sources */ = {isa = PBXBuildFile; fileRef = FA4BB8581CE192EF0068D867 /* CompassCalibrationTests.m */; };
		FA4BB8641CE192EF0068D867 /* CompassCalibrationUITests.m in Sources */ = {isa = PBXBuildFile; fileRef = FA4BB8631CE192EF0068D867 /* CompassCalibrationUITests.m */; };
		FA4BB8731CE193320068D867 /* YNCompassCalibration.m in Sources */ = {isa = PBXBuildFile; fileRef = FA4BB8721CE193320068D867 /* YNCompassCalibration.m */; };
		FA69F4E51CE970DF00B4F6F8 /* cancle_pressed@3x.png in Resources */ = {isa = PBXBuildFile; fileRef = FA69F4E11CE970DF00B4F6F8 /* cancle_pressed@3x.png */; };
		FA69F4E61CE970DF00B4F6F8 /* cancle@3x.png in Resources */ = {isa = PBXBuildFile; fileRef = FA69F4E21CE970DF00B4F6F8 /* cancle@3x.png */; };
		FA69F4E71CE970DF00B4F6F8 /* circle@3x.png in Resources */ = {isa = PBXBuildFile; fileRef = FA69F4E31CE970DF00B4F6F8 /* circle@3x.png */; };
		FA69F4E81CE970DF00B4F6F8 /* spot@3x.png in Resources */ = {isa = PBXBuildFile; fileRef = FA69F4E41CE970DF00B4F6F8 /* spot@3x.png */; };
/* End PBXBuildFile section */

/* Begin PBXContainerItemProxy section */
		FA4BB8551CE192EF0068D867 /* PBXContainerItemProxy */ = {
			isa = PBXContainerItemProxy;
			containerPortal = FA4BB8331CE192EE0068D867 /* Project object */;
			proxyType = 1;
			remoteGlobalIDString = FA4BB83A1CE192EE0068D867;
			remoteInfo = CompassCalibration;
		};
		FA4BB8601CE192EF0068D867 /* PBXContainerItemProxy */ = {
			isa = PBXContainerItemProxy;
			containerPortal = FA4BB8331CE192EE0068D867 /* Project object */;
			proxyType = 1;
			remoteGlobalIDString = FA4BB83A1CE192EE0068D867;
			remoteInfo = CompassCalibration;
		};
/* End PBXContainerItemProxy section */

/* Begin PBXFileReference section */
		FA4BB83B1CE192EE0068D867 /* CompassCalibration.app */ = {isa = PBXFileReference; explicitFileType = wrapper.application; includeInIndex = 0; path = CompassCalibration.app; sourceTree = BUILT_PRODUCTS_DIR; };
		FA4BB83F1CE192EF0068D867 /* main.m */ = {isa = PBXFileReference; lastKnownFileType = sourcecode.c.objc; path = main.m; sourceTree = "<group>"; };
		FA4BB8411CE192EF0068D867 /* AppDelegate.h */ = {isa = PBXFileReference; lastKnownFileType = sourcecode.c.h; path = AppDelegate.h; sourceTree = "<group>"; };
		FA4BB8421CE192EF0068D867 /* AppDelegate.m */ = {isa = PBXFileReference; lastKnownFileType = sourcecode.c.objc; path = AppDelegate.m; sourceTree = "<group>"; };
		FA4BB8441CE192EF0068D867 /* ViewController.h */ = {isa = PBXFileReference; lastKnownFileType = sourcecode.c.h; path = ViewController.h; sourceTree = "<group>"; };
		FA4BB8451CE192EF0068D867 /* ViewController.m */ = {isa = PBXFileReference; lastKnownFileType = sourcecode.c.objc; path = ViewController.m; sourceTree = "<group>"; };
		FA4BB8481CE192EF0068D867 /* Base */ = {isa = PBXFileReference; lastKnownFileType = file.storyboard; name = Base; path = Base.lproj/Main.storyboard; sourceTree = "<group>"; };
		FA4BB84A1CE192EF0068D867 /* Assets.xcassets */ = {isa = PBXFileReference; lastKnownFileType = folder.assetcatalog; path = Assets.xcassets; sourceTree = "<group>"; };
		FA4BB84D1CE192EF0068D867 /* Base */ = {isa = PBXFileReference; lastKnownFileType = file.storyboard; name = Base; path = Base.lproj/LaunchScreen.storyboard; sourceTree = "<group>"; };
		FA4BB84F1CE192EF0068D867 /* Info.plist */ = {isa = PBXFileReference; lastKnownFileType = text.plist.xml; path = Info.plist; sourceTree = "<group>"; };
		FA4BB8541CE192EF0068D867 /* CompassCalibrationTests.xctest */ = {isa = PBXFileReference; explicitFileType = wrapper.cfbundle; includeInIndex = 0; path = CompassCalibrationTests.xctest; sourceTree = BUILT_PRODUCTS_DIR; };
		FA4BB8581CE192EF0068D867 /* CompassCalibrationTests.m */ = {isa = PBXFileReference; lastKnownFileType = sourcecode.c.objc; path = CompassCalibrationTests.m; sourceTree = "<group>"; };
		FA4BB85A1CE192EF0068D867 /* Info.plist */ = {isa = PBXFileReference; lastKnownFileType = text.plist.xml; path = Info.plist; sourceTree = "<group>"; };
		FA4BB85F1CE192EF0068D867 /* CompassCalibrationUITests.xctest */ = {isa = PBXFileReference; explicitFileType = wrapper.cfbundle; includeInIndex = 0; path = CompassCalibrationUITests.xctest; sourceTree = BUILT_PRODUCTS_DIR; };
		FA4BB8631CE192EF0068D867 /* CompassCalibrationUITests.m */ = {isa = PBXFileReference; lastKnownFileType = sourcecode.c.objc; path = CompassCalibrationUITests.m; sourceTree = "<group>"; };
		FA4BB8651CE192EF0068D867 /* Info.plist */ = {isa = PBXFileReference; lastKnownFileType = text.plist.xml; path = Info.plist; sourceTree = "<group>"; };
		FA4BB8711CE193320068D867 /* YNCompassCalibration.h */ = {isa = PBXFileReference; fileEncoding = 4; lastKnownFileType = sourcecode.c.h; path = YNCompassCalibration.h; sourceTree = "<group>"; };
		FA4BB8721CE193320068D867 /* YNCompassCalibration.m */ = {isa = PBXFileReference; fileEncoding = 4; lastKnownFileType = sourcecode.c.objc; path = YNCompassCalibration.m; sourceTree = "<group>"; };
		FA69F4E11CE970DF00B4F6F8 /* cancle_pressed@3x.png */ = {isa = PBXFileReference; lastKnownFileType = image.png; path = "cancle_pressed@3x.png"; sourceTree = "<group>"; };
		FA69F4E21CE970DF00B4F6F8 /* cancle@3x.png */ = {isa = PBXFileReference; lastKnownFileType = image.png; path = "cancle@3x.png"; sourceTree = "<group>"; };
		FA69F4E31CE970DF00B4F6F8 /* circle@3x.png */ = {isa = PBXFileReference; lastKnownFileType = image.png; path = "circle@3x.png"; sourceTree = "<group>"; };
		FA69F4E41CE970DF00B4F6F8 /* spot@3x.png */ = {isa = PBXFileReference; lastKnownFileType = image.png; path = "spot@3x.png"; sourceTree = "<group>"; };
/* End PBXFileReference section */

/* Begin PBXFrameworksBuildPhase section */
		FA4BB8381CE192EE0068D867 /* Frameworks */ = {
			isa = PBXFrameworksBuildPhase;
			buildActionMask = 2147483647;
			files = (
			);
			runOnlyForDeploymentPostprocessing = 0;
		};
		FA4BB8511CE192EF0068D867 /* Frameworks */ = {
			isa = PBXFrameworksBuildPhase;
			buildActionMask = 2147483647;
			files = (
			);
			runOnlyForDeploymentPostprocessing = 0;
		};
		FA4BB85C1CE192EF0068D867 /* Frameworks */ = {
			isa = PBXFrameworksBuildPhase;
			buildActionMask = 2147483647;
			files = (
			);
			runOnlyForDeploymentPostprocessing = 0;
		};
/* End PBXFrameworksBuildPhase section */

/* Begin PBXGroup section */
		FA4BB8321CE192EE0068D867 = {
			isa = PBXGroup;
			children = (
				FA4BB83D1CE192EF0068D867 /* CompassCalibration */,
				FA4BB8571CE192EF0068D867 /* CompassCalibrationTests */,
				FA4BB8621CE192EF0068D867 /* CompassCalibrationUITests */,
				FA4BB83C1CE192EE0068D867 /* Products */,
			);
			sourceTree = "<group>";
		};
		FA4BB83C1CE192EE0068D867 /* Products */ = {
			isa = PBXGroup;
			children = (
				FA4BB83B1CE192EE0068D867 /* CompassCalibration.app */,
				FA4BB8541CE192EF0068D867 /* CompassCalibrationTests.xctest */,
				FA4BB85F1CE192EF0068D867 /* CompassCalibrationUITests.xctest */,
			);
			name = Products;
			sourceTree = "<group>";
		};
		FA4BB83D1CE192EF0068D867 /* CompassCalibration */ = {
			isa = PBXGroup;
			children = (
				FA69F4E11CE970DF00B4F6F8 /* cancle_pressed@3x.png */,
				FA69F4E21CE970DF00B4F6F8 /* cancle@3x.png */,
				FA69F4E31CE970DF00B4F6F8 /* circle@3x.png */,
				FA69F4E41CE970DF00B4F6F8 /* spot@3x.png */,
				FA4BB8411CE192EF0068D867 /* AppDelegate.h */,
				FA4BB8421CE192EF0068D867 /* AppDelegate.m */,
				FA4BB8441CE192EF0068D867 /* ViewController.h */,
				FA4BB8451CE192EF0068D867 /* ViewController.m */,
				FA4BB8711CE193320068D867 /* YNCompassCalibration.h */,
				FA4BB8721CE193320068D867 /* YNCompassCalibration.m */,
				FA4BB8471CE192EF0068D867 /* Main.storyboard */,
				FA4BB84A1CE192EF0068D867 /* Assets.xcassets */,
				FA4BB84C1CE192EF0068D867 /* LaunchScreen.storyboard */,
				FA4BB84F1CE192EF0068D867 /* Info.plist */,
				FA4BB83E1CE192EF0068D867 /* Supporting Files */,
			);
			path = CompassCalibration;
			sourceTree = "<group>";
		};
		FA4BB83E1CE192EF0068D867 /* Supporting Files */ = {
			isa = PBXGroup;
			children = (
				FA4BB83F1CE192EF0068D867 /* main.m */,
			);
			name = "Supporting Files";
			sourceTree = "<group>";
		};
		FA4BB8571CE192EF0068D867 /* CompassCalibrationTests */ = {
			isa = PBXGroup;
			children = (
				FA4BB8581CE192EF0068D867 /* CompassCalibrationTests.m */,
				FA4BB85A1CE192EF0068D867 /* Info.plist */,
			);
			path = CompassCalibrationTests;
			sourceTree = "<group>";
		};
		FA4BB8621CE192EF0068D867 /* CompassCalibrationUITests */ = {
			isa = PBXGroup;
			children = (
				FA4BB8631CE192EF0068D867 /* CompassCalibrationUITests.m */,
				FA4BB8651CE192EF0068D867 /* Info.plist */,
			);
			path = CompassCalibrationUITests;
			sourceTree = "<group>";
		};
/* End PBXGroup section */

/* Begin PBXNativeTarget section */
		FA4BB83A1CE192EE0068D867 /* CompassCalibration */ = {
			isa = PBXNativeTarget;
			buildConfigurationList = FA4BB8681CE192EF0068D867 /* Build configuration list for PBXNativeTarget "CompassCalibration" */;
			buildPhases = (
				FA4BB8371CE192EE0068D867 /* Sources */,
				FA4BB8381CE192EE0068D867 /* Frameworks */,
				FA4BB8391CE192EE0068D867 /* Resources */,
			);
			buildRules = (
			);
			dependencies = (
			);
			name = CompassCalibration;
			productName = CompassCalibration;
			productReference = FA4BB83B1CE192EE0068D867 /* CompassCalibration.app */;
			productType = "com.apple.product-type.application";
		};
		FA4BB8531CE192EF0068D867 /* CompassCalibrationTests */ = {
			isa = PBXNativeTarget;
			buildConfigurationList = FA4BB86B1CE192EF0068D867 /* Build configuration list for PBXNativeTarget "CompassCalibrationTests" */;
			buildPhases = (
				FA4BB8501CE192EF0068D867 /* Sources */,
				FA4BB8511CE192EF0068D867 /* Frameworks */,
				FA4BB8521CE192EF0068D867 /* Resources */,
			);
			buildRules = (
			);
			dependencies = (
				FA4BB8561CE192EF0068D867 /* PBXTargetDependency */,
			);
			name = CompassCalibrationTests;
			productName = CompassCalibrationTests;
			productReference = FA4BB8541CE192EF0068D867 /* CompassCalibrationTests.xctest */;
			productType = "com.apple.product-type.bundle.unit-test";
		};
		FA4BB85E1CE192EF0068D867 /* CompassCalibrationUITests */ = {
			isa = PBXNativeTarget;
			buildConfigurationList = FA4BB86E1CE192EF0068D867 /* Build configuration list for PBXNativeTarget "CompassCalibrationUITests" */;
			buildPhases = (
				FA4BB85B1CE192EF0068D867 /* Sources */,
				FA4BB85C1CE192EF0068D867 /* Frameworks */,
				FA4BB85D1CE192EF0068D867 /* Resources */,
			);
			buildRules = (
			);
			dependencies = (
				FA4BB8611CE192EF0068D867 /* PBXTargetDependency */,
			);
			name = CompassCalibrationUITests;
			productName = CompassCalibrationUITests;
			productReference = FA4BB85F1CE192EF0068D867 /* CompassCalibrationUITests.xctest */;
			productType = "com.apple.product-type.bundle.ui-testing";
		};
/* End PBXNativeTarget section */

/* Begin PBXProject section */
		FA4BB8331CE192EE0068D867 /* Project object */ = {
			isa = PBXProject;
			attributes = {
				LastUpgradeCheck = 0730;
				ORGANIZATIONNAME = ProDrone;
				TargetAttributes = {
					FA4BB83A1CE192EE0068D867 = {
						CreatedOnToolsVersion = 7.3;
					};
					FA4BB8531CE192EF0068D867 = {
						CreatedOnToolsVersion = 7.3;
						TestTargetID = FA4BB83A1CE192EE0068D867;
					};
					FA4BB85E1CE192EF0068D867 = {
						CreatedOnToolsVersion = 7.3;
						TestTargetID = FA4BB83A1CE192EE0068D867;
					};
				};
			};
			buildConfigurationList = FA4BB8361CE192EE0068D867 /* Build configuration list for PBXProject "CompassCalibration" */;
			compatibilityVersion = "Xcode 3.2";
			developmentRegion = English;
			hasScannedForEncodings = 0;
			knownRegions = (
				en,
				Base,
			);
			mainGroup = FA4BB8321CE192EE0068D867;
			productRefGroup = FA4BB83C1CE192EE0068D867 /* Products */;
			projectDirPath = "";
			projectRoot = "";
			targets = (
				FA4BB83A1CE192EE0068D867 /* CompassCalibration */,
				FA4BB8531CE192EF0068D867 /* CompassCalibrationTests */,
				FA4BB85E1CE192EF0068D867 /* CompassCalibrationUITests */,
			);
		};
/* End PBXProject section */

/* Begin PBXResourcesBuildPhase section */
		FA4BB8391CE192EE0068D867 /* Resources */ = {
			isa = PBXResourcesBuildPhase;
			buildActionMask = 2147483647;
			files = (
				FA69F4E81CE970DF00B4F6F8 /* spot@3x.png in Resources */,
				FA4BB84E1CE192EF0068D867 /* LaunchScreen.storyboard in Resources */,
				FA69F4E71CE970DF00B4F6F8 /* circle@3x.png in Resources */,
				FA4BB84B1CE192EF0068D867 /* Assets.xcassets in Resources */,
				FA69F4E51CE970DF00B4F6F8 /* cancle_pressed@3x.png in Resources */,
				FA69F4E61CE970DF00B4F6F8 /* cancle@3x.png in Resources */,
				FA4BB8491CE192EF0068D867 /* Main.storyboard in Resources */,
			);
			runOnlyForDeploymentPostprocessing = 0;
		};
		FA4BB8521CE192EF0068D867 /* Resources */ = {
			isa = PBXResourcesBuildPhase;
			buildActionMask = 2147483647;
			files = (
			);
			runOnlyForDeploymentPostprocessing = 0;
		};
		FA4BB85D1CE192EF0068D867 /* Resources */ = {
			isa = PBXResourcesBuildPhase;
			buildActionMask = 2147483647;
			files = (
			);
			runOnlyForDeploymentPostprocessing = 0;
		};
/* End PBXResourcesBuildPhase section */

/* Begin PBXSourcesBuildPhase section */
		FA4BB8371CE192EE0068D867 /* Sources */ = {
			isa = PBXSourcesBuildPhase;
			buildActionMask = 2147483647;
			files = (
				FA4BB8461CE192EF0068D867 /* ViewController.m in Sources */,
				FA4BB8431CE192EF0068D867 /* AppDelegate.m in Sources */,
				FA4BB8731CE193320068D867 /* YNCompassCalibration.m in Sources */,
				FA4BB8401CE192EF0068D867 /* main.m in Sources */,
			);
			runOnlyForDeploymentPostprocessing = 0;
		};
		FA4BB8501CE192EF0068D867 /* Sources */ = {
			isa = PBXSourcesBuildPhase;
			buildActionMask = 2147483647;
			files = (
				FA4BB8591CE192EF0068D867 /* CompassCalibrationTests.m in Sources */,
			);
			runOnlyForDeploymentPostprocessing = 0;
		};
		FA4BB85B1CE192EF0068D867 /* Sources */ = {
			isa = PBXSourcesBuildPhase;
			buildActionMask = 2147483647;
			files = (
				FA4BB8641CE192EF0068D867 /* CompassCalibrationUITests.m in Sources */,
			);
			runOnlyForDeploymentPostprocessing = 0;
		};
/* End PBXSourcesBuildPhase section */

/* Begin PBXTargetDependency section */
		FA4BB8561CE192EF0068D867 /* PBXTargetDependency */ = {
			isa = PBXTargetDependency;
			target = FA4BB83A1CE192EE0068D867 /* CompassCalibration */;
			targetProxy = FA4BB8551CE192EF0068D867 /* PBXContainerItemProxy */;
		};
		FA4BB8611CE192EF0068D867 /* PBXTargetDependency */ = {
			isa = PBXTargetDependency;
			target = FA4BB83A1CE192EE0068D867 /* CompassCalibration */;
			targetProxy = FA4BB8601CE192EF0068D867 /* PBXContainerItemProxy */;
		};
/* End PBXTargetDependency section */

/* Begin PBXVariantGroup section */
		FA4BB8471CE192EF0068D867 /* Main.storyboard */ = {
			isa = PBXVariantGroup;
			children = (
				FA4BB8481CE192EF0068D867 /* Base */,
			);
			name = Main.storyboard;
			sourceTree = "<group>";
		};
		FA4BB84C1CE192EF0068D867 /* LaunchScreen.storyboard */ = {
			isa = PBXVariantGroup;
			children = (
				FA4BB84D1CE192EF0068D867 /* Base */,
			);
			name = LaunchScreen.storyboard;
			sourceTree = "<group>";
		};
/* End PBXVariantGroup section */

/* Begin XCBuildConfiguration section */
		FA4BB8661CE192EF0068D867 /* Debug */ = {
			isa = XCBuildConfiguration;
			buildSettings = {
				ALWAYS_SEARCH_USER_PATHS = NO;
				CLANG_ANALYZER_NONNULL = YES;
				CLANG_CXX_LANGUAGE_STANDARD = "gnu++0x";
				CLANG_CXX_LIBRARY = "libc++";
				CLANG_ENABLE_MODULES = YES;
				CLANG_ENABLE_OBJC_ARC = YES;
				CLANG_WARN_BOOL_CONVERSION = YES;
				CLANG_WARN_CONSTANT_CONVERSION = YES;
				CLANG_WARN_DIRECT_OBJC_ISA_USAGE = YES_ERROR;
				CLANG_WARN_EMPTY_BODY = YES;
				CLANG_WARN_ENUM_CONVERSION = YES;
				CLANG_WARN_INT_CONVERSION = YES;
				CLANG_WARN_OBJC_ROOT_CLASS = YES_ERROR;
				CLANG_WARN_UNREACHABLE_CODE = YES;
				CLANG_WARN__DUPLICATE_METHOD_MATCH = YES;
				"CODE_SIGN_IDENTITY[sdk=iphoneos*]" = "iPhone Developer";
				COPY_PHASE_STRIP = NO;
				DEBUG_INFORMATION_FORMAT = dwarf;
				ENABLE_STRICT_OBJC_MSGSEND = YES;
				ENABLE_TESTABILITY = YES;
				GCC_C_LANGUAGE_STANDARD = gnu99;
				GCC_DYNAMIC_NO_PIC = NO;
				GCC_NO_COMMON_BLOCKS = YES;
				GCC_OPTIMIZATION_LEVEL = 0;
				GCC_PREPROCESSOR_DEFINITIONS = (
					"DEBUG=1",
					"$(inherited)",
				);
				GCC_WARN_64_TO_32_BIT_CONVERSION = YES;
				GCC_WARN_ABOUT_RETURN_TYPE = YES_ERROR;
				GCC_WARN_UNDECLARED_SELECTOR = YES;
				GCC_WARN_UNINITIALIZED_AUTOS = YES_AGGRESSIVE;
				GCC_WARN_UNUSED_FUNCTION = YES;
				GCC_WARN_UNUSED_VARIABLE = YES;
				IPHONEOS_DEPLOYMENT_TARGET = 9.3;
				MTL_ENABLE_DEBUG_INFO = YES;
				ONLY_ACTIVE_ARCH = YES;
				SDKROOT = iphoneos;
				TARGETED_DEVICE_FAMILY = "1,2";
			};
			name = Debug;
		};
		FA4BB8671CE192EF0068D867 /* Release */ = {
			isa = XCBuildConfiguration;
			buildSettings = {
				ALWAYS_SEARCH_USER_PATHS = NO;
				CLANG_ANALYZER_NONNULL = YES;
				CLANG_CXX_LANGUAGE_STANDARD = "gnu++0x";
				CLANG_CXX_LIBRARY = "libc++";
				CLANG_ENABLE_MODULES = YES;
				CLANG_ENABLE_OBJC_ARC = YES;
				CLANG_WARN_BOOL_CONVERSION = YES;
				CLANG_WARN_CONSTANT_CONVERSION = YES;
				CLANG_WARN_DIRECT_OBJC_ISA_USAGE = YES_ERROR;
				CLANG_WARN_EMPTY_BODY = YES;
				CLANG_WARN_ENUM_CONVERSION = YES;
				CLANG_WARN_INT_CONVERSION = YES;
				CLANG_WARN_OBJC_ROOT_CLASS = YES_ERROR;
				CLANG_WARN_UNREACHABLE_CODE = YES;
				CLANG_WARN__DUPLICATE_METHOD_MATCH = YES;
				"CODE_SIGN_IDENTITY[sdk=iphoneos*]" = "iPhone Developer";
				COPY_PHASE_STRIP = NO;
				DEBUG_INFORMATION_FORMAT = "dwarf-with-dsym";
				ENABLE_NS_ASSERTIONS = NO;
				ENABLE_STRICT_OBJC_MSGSEND = YES;
				GCC_C_LANGUAGE_STANDARD = gnu99;
				GCC_NO_COMMON_BLOCKS = YES;
				GCC_WARN_64_TO_32_BIT_CONVERSION = YES;
				GCC_WARN_ABOUT_RETURN_TYPE = YES_ERROR;
				GCC_WARN_UNDECLARED_SELECTOR = YES;
				GCC_WARN_UNINITIALIZED_AUTOS = YES_AGGRESSIVE;
				GCC_WARN_UNUSED_FUNCTION = YES;
				GCC_WARN_UNUSED_VARIABLE = YES;
				IPHONEOS_DEPLOYMENT_TARGET = 9.3;
				MTL_ENABLE_DEBUG_INFO = NO;
				SDKROOT = iphoneos;
				TARGETED_DEVICE_FAMILY = "1,2";
				VALIDATE_PRODUCT = YES;
			};
			name = Release;
		};
		FA4BB8691CE192EF0068D867 /* Debug */ = {
			isa = XCBuildConfiguration;
			buildSettings = {
				ASSETCATALOG_COMPILER_APPICON_NAME = AppIcon;
				INFOPLIST_FILE = CompassCalibration/Info.plist;
				IPHONEOS_DEPLOYMENT_TARGET = 8.0;
				LD_RUNPATH_SEARCH_PATHS = "$(inherited) @executable_path/Frameworks";
				PRODUCT_BUNDLE_IDENTIFIER = proDrone.CompassCalibration;
				PRODUCT_NAME = "$(TARGET_NAME)";
			};
			name = Debug;
		};
		FA4BB86A1CE192EF0068D867 /* Release */ = {
			isa = XCBuildConfiguration;
			buildSettings = {
				ASSETCATALOG_COMPILER_APPICON_NAME = AppIcon;
				INFOPLIST_FILE = CompassCalibration/Info.plist;
				IPHONEOS_DEPLOYMENT_TARGET = 8.0;
				LD_RUNPATH_SEARCH_PATHS = "$(inherited) @executable_path/Frameworks";
				PRODUCT_BUNDLE_IDENTIFIER = proDrone.CompassCalibration;
				PRODUCT_NAME = "$(TARGET_NAME)";
			};
			name = Release;
		};
		FA4BB86C1CE192EF0068D867 /* Debug */ = {
			isa = XCBuildConfiguration;
			buildSettings = {
				BUNDLE_LOADER = "$(TEST_HOST)";
				INFOPLIST_FILE = CompassCalibrationTests/Info.plist;
				LD_RUNPATH_SEARCH_PATHS = "$(inherited) @executable_path/Frameworks @loader_path/Frameworks";
				PRODUCT_BUNDLE_IDENTIFIER = proDrone.CompassCalibrationTests;
				PRODUCT_NAME = "$(TARGET_NAME)";
				TEST_HOST = "$(BUILT_PRODUCTS_DIR)/CompassCalibration.app/CompassCalibration";
			};
			name = Debug;
		};
		FA4BB86D1CE192EF0068D867 /* Release */ = {
			isa = XCBuildConfiguration;
			buildSettings = {
				BUNDLE_LOADER = "$(TEST_HOST)";
				INFOPLIST_FILE = CompassCalibrationTests/Info.plist;
				LD_RUNPATH_SEARCH_PATHS = "$(inherited) @executable_path/Frameworks @loader_path/Frameworks";
				PRODUCT_BUNDLE_IDENTIFIER = proDrone.CompassCalibrationTests;
				PRODUCT_NAME = "$(TARGET_NAME)";
				TEST_HOST = "$(BUILT_PRODUCTS_DIR)/CompassCalibration.app/CompassCalibration";
			};
			name = Release;
		};
		FA4BB86F1CE192EF0068D867 /* Debug */ = {
			isa = XCBuildConfiguration;
			buildSettings = {
				INFOPLIST_FILE = CompassCalibrationUITests/Info.plist;
				LD_RUNPATH_SEARCH_PATHS = "$(inherited) @executable_path/Frameworks @loader_path/Frameworks";
				PRODUCT_BUNDLE_IDENTIFIER = proDrone.CompassCalibrationUITests;
				PRODUCT_NAME = "$(TARGET_NAME)";
				TEST_TARGET_NAME = CompassCalibration;
			};
			name = Debug;
		};
		FA4BB8701CE192EF0068D867 /* Release */ = {
			isa = XCBuildConfiguration;
			buildSettings = {
				INFOPLIST_FILE = CompassCalibrationUITests/Info.plist;
				LD_RUNPATH_SEARCH_PATHS = "$(inherited) @executable_path/Frameworks @loader_path/Frameworks";
				PRODUCT_BUNDLE_IDENTIFIER = proDrone.CompassCalibrationUITests;
				PRODUCT_NAME = "$(TARGET_NAME)";
				TEST_TARGET_NAME = CompassCalibration;
			};
			name = Release;
		};
/* End XCBuildConfiguration section */

/* Begin XCConfigurationList section */
		FA4BB8361CE192EE0068D867 /* Build configuration list for PBXProject "CompassCalibration" */ = {
			isa = XCConfigurationList;
			buildConfigurations = (
				FA4BB8661CE192EF0068D867 /* Debug */,
				FA4BB8671CE192EF0068D867 /* Release */,
			);
			defaultConfigurationIsVisible = 0;
			defaultConfigurationName = Release;
		};
		FA4BB8681CE192EF0068D867 /* Build configuration list for PBXNativeTarget "CompassCalibration" */ = {
			isa = XCConfigurationList;
			buildConfigurations = (
				FA4BB8691CE192EF0068D867 /* Debug */,
				FA4BB86A1CE192EF0068D867 /* Release */,
			);
			defaultConfigurationIsVisible = 0;
			defaultConfigurationName = Release;
		};
		FA4BB86B1CE192EF0068D867 /* Build configuration list for PBXNativeTarget "CompassCalibrationTests" */ = {
			isa = XCConfigurationList;
			buildConfigurations = (
				FA4BB86C1CE192EF0068D867 /* Debug */,
				FA4BB86D1CE192EF0068D867 /* Release */,
			);
			defaultConfigurationIsVisible = 0;
			defaultConfigurationName = Release;
		};
		FA4BB86E1CE192EF0068D867 /* Build configuration list for PBXNativeTarget "CompassCalibrationUITests" */ = {
			isa = XCConfigurationList;
			buildConfigurations = (
				FA4BB86F1CE192EF0068D867 /* Debug */,
				FA4BB8701CE192EF0068D867 /* Release */,
			);
			defaultConfigurationIsVisible = 0;
			defaultConfigurationName = Release;
		};
/* End XCConfigurationList section */
	};
	rootObject = FA4BB8331CE192EE0068D867 /* Project object */;
}
